
Microsoft Visual Studio Solution File, Format Version 12.00
# Visual Studio 15
VisualStudioVersion = 15.0.28010.2016
MinimumVisualStudioVersion = 10.0.40219.1
Project("{A07B5EB6-E848-4116-A8D0-A826331D98C6}") = "Voting", "Voting\Voting.sfproj", "{D37D2C93-D3F3-46E4-98C4-85B9467FEF3D}"
EndProject
Project("{FAE04EC0-301F-11D3-BF4B-00C04F79EFBC}") = "VotingWeb", "VotingWeb\VotingWeb.csproj", "{C869A870-55D8-4D5C-B7BB-5693269D36A7}"
EndProject
Global
	GlobalSection(SolutionConfigurationPlatforms) = preSolution
		Debug|Any CPU = Debug|Any CPU
		Debug|x64 = Debug|x64
		Release|Any CPU = Release|Any CPU
		Release|x64 = Release|x64
	EndGlobalSection
	GlobalSection(ProjectConfigurationPlatforms) = postSolution
		{D37D2C93-D3F3-46E4-98C4-85B9467FEF3D}.Debug|Any CPU.ActiveCfg = Debug|x64
		{D37D2C93-D3F3-46E4-98C4-85B9467FEF3D}.Debug|x64.ActiveCfg = Debug|x64
		{D37D2C93-D3F3-46E4-98C4-85B9467FEF3D}.Debug|x64.Build.0 = Debug|x64
		{D37D2C93-D3F3-46E4-98C4-85B9467FEF3D}.Release|Any CPU.ActiveCfg = Release|x64
		{D37D2C93-D3F3-46E4-98C4-85B9467FEF3D}.Release|x64.ActiveCfg = Release|x64
		{D37D2C93-D3F3-46E4-98C4-85B9467FEF3D}.Release|x64.Build.0 = Release|x64
		{C869A870-55D8-4D5C-B7BB-5693269D36A7}.Debug|Any CPU.ActiveCfg = Debug|Any CPU
		{C869A870-55D8-4D5C-B7BB-5693269D36A7}.Debug|Any CPU.Build.0 = Debug|Any CPU
		{C869A870-55D8-4D5C-B7BB-5693269D36A7}.Debug|x64.ActiveCfg = Debug|Any CPU
		{C869A870-55D8-4D5C-B7BB-5693269D36A7}.Debug|x64.Build.0 = Debug|Any CPU
		{C869A870-55D8-4D5C-B7BB-5693269D36A7}.Release|Any CPU.ActiveCfg = Release|Any CPU
		{C869A870-55D8-4D5C-B7BB-5693269D36A7}.Release|Any CPU.Build.0 = Release|Any CPU
		{C869A870-55D8-4D5C-B7BB-5693269D36A7}.Release|x64.ActiveCfg = Release|Any CPU
		{C869A870-55D8-4D5C-B7BB-5693269D36A7}.Release|x64.Build.0 = Release|Any CPU
	EndGlobalSection
	GlobalSection(SolutionProperties) = preSolution
		HideSolutionNode = FALSE
	EndGlobalSection
	GlobalSection(ExtensibilityGlobals) = postSolution
		SolutionGuid = {8F5F4DD9-C7E8-40E7-B8E4-7F5A7C865CFF}
	EndGlobalSection
EndGlobal
