
Microsoft Visual Studio Solution File, Format Version 12.00
# Visual Studio 15
VisualStudioVersion = 15.0.27703.2047
MinimumVisualStudioVersion = 10.0.40219.1
Project("{FAE04EC0-301F-11D3-BF4B-00C04F79EFBC}") = "demo-console", "demo-console\demo-console.csproj", "{D2781C76-CFB3-426F-B8EF-ABD3569FB946}"
EndProject
Project("{FAE04EC0-301F-11D3-BF4B-00C04F79EFBC}") = "demo-webapi", "demo-webapi\demo-webapi.csproj", "{665F6782-652F-4E26-BE03-B690462A7022}"
EndProject
Global
	GlobalSection(SolutionConfigurationPlatforms) = preSolution
		Debug|Any CPU = Debug|Any CPU
		Release|Any CPU = Release|Any CPU
	EndGlobalSection
	GlobalSection(ProjectConfigurationPlatforms) = postSolution
		{D2781C76-CFB3-426F-B8EF-ABD3569FB946}.Debug|Any CPU.ActiveCfg = Debug|Any CPU
		{D2781C76-CFB3-426F-B8EF-ABD3569FB946}.Debug|Any CPU.Build.0 = Debug|Any CPU
		{D2781C76-CFB3-426F-B8EF-ABD3569FB946}.Release|Any CPU.ActiveCfg = Release|Any CPU
		{D2781C76-CFB3-426F-B8EF-ABD3569FB946}.Release|Any CPU.Build.0 = Release|Any CPU
		{665F6782-652F-4E26-BE03-B690462A7022}.Debug|Any CPU.ActiveCfg = Debug|Any CPU
		{665F6782-652F-4E26-BE03-B690462A7022}.Debug|Any CPU.Build.0 = Debug|Any CPU
		{665F6782-652F-4E26-BE03-B690462A7022}.Release|Any CPU.ActiveCfg = Release|Any CPU
		{665F6782-652F-4E26-BE03-B690462A7022}.Release|Any CPU.Build.0 = Release|Any CPU
	EndGlobalSection
	GlobalSection(SolutionProperties) = preSolution
		HideSolutionNode = FALSE
	EndGlobalSection
	GlobalSection(ExtensibilityGlobals) = postSolution
		SolutionGuid = {FFBBEE56-F355-4C36-9170-B054E4110565}
	EndGlobalSection
EndGlobal
